
Microsoft Visual Studio Solution File, Format Version 12.00
# Visual Studio Version 17
VisualStudioVersion = 17.12.35527.113
MinimumVisualStudioVersion = 10.0.40219.1
Project("{FAE04EC0-301F-11D3-BF4B-00C04F79EFBC}") = "TptApp", "TptApp\TptApp.csproj", "{A9373130-8C80-4E97-B04B-BEFA2623EBBD}"
EndProject
Project("{00D1A9C2-B5F0-4AF3-8072-F6C62B433612}") = "TptDb", "TptDb\TptDb.sqlproj", "{B9E457A5-29EA-4451-AAFB-6C6EDD3EA359}"
EndProject
Project("{2150E333-8FDC-42A3-9474-1A3956D46DE8}") = "Solution Items", "Solution Items", "{816F70B5-1408-4C0C-915F-B728A3BC4CB7}"
	ProjectSection(SolutionItems) = preProject
		README.md = README.md
	EndProjectSection
EndProject
Global
	GlobalSection(SolutionConfigurationPlatforms) = preSolution
		Debug|Any CPU = Debug|Any CPU
		Release|Any CPU = Release|Any CPU
	EndGlobalSection
	GlobalSection(ProjectConfigurationPlatforms) = postSolution
		{A9373130-8C80-4E97-B04B-BEFA2623EBBD}.Debug|Any CPU.ActiveCfg = Debug|Any CPU
		{A9373130-8C80-4E97-B04B-BEFA2623EBBD}.Debug|Any CPU.Build.0 = Debug|Any CPU
		{A9373130-8C80-4E97-B04B-BEFA2623EBBD}.Release|Any CPU.ActiveCfg = Release|Any CPU
		{A9373130-8C80-4E97-B04B-BEFA2623EBBD}.Release|Any CPU.Build.0 = Release|Any CPU
		{B9E457A5-29EA-4451-AAFB-6C6EDD3EA359}.Debug|Any CPU.ActiveCfg = Debug|Any CPU
		{B9E457A5-29EA-4451-AAFB-6C6EDD3EA359}.Debug|Any CPU.Build.0 = Debug|Any CPU
		{B9E457A5-29EA-4451-AAFB-6C6EDD3EA359}.Debug|Any CPU.Deploy.0 = Debug|Any CPU
		{B9E457A5-29EA-4451-AAFB-6C6EDD3EA359}.Release|Any CPU.ActiveCfg = Release|Any CPU
		{B9E457A5-29EA-4451-AAFB-6C6EDD3EA359}.Release|Any CPU.Build.0 = Release|Any CPU
		{B9E457A5-29EA-4451-AAFB-6C6EDD3EA359}.Release|Any CPU.Deploy.0 = Release|Any CPU
	EndGlobalSection
	GlobalSection(SolutionProperties) = preSolution
		HideSolutionNode = FALSE
	EndGlobalSection
EndGlobal
